
Microsoft Visual Studio Solution File, Format Version 11.00
# Visual Studio 2010
Project("{FAE04EC0-301F-11D3-BF4B-00C04F79EFBC}") = "2D Testing", "Assembly-CSharp.csproj", "{03F91D3D-B81C-53D1-4453-9197FB0D11B0}"
EndProject
Project("{FAE04EC0-301F-11D3-BF4B-00C04F79EFBC}") = "2D Testing", "Assembly-CSharp-Editor.csproj", "{7ED4BD60-4CD2-EBFC-20E1-C6795A58FF01}"
EndProject
Global
	GlobalSection(SolutionConfigurationPlatforms) = preSolution
		Debug|Any CPU = Debug|Any CPU
		Release|Any CPU = Release|Any CPU
	EndGlobalSection
	GlobalSection(ProjectConfigurationPlatforms) = postSolution
		{03F91D3D-B81C-53D1-4453-9197FB0D11B0}.Debug|Any CPU.ActiveCfg = Debug|Any CPU
		{03F91D3D-B81C-53D1-4453-9197FB0D11B0}.Debug|Any CPU.Build.0 = Debug|Any CPU
		{03F91D3D-B81C-53D1-4453-9197FB0D11B0}.Release|Any CPU.ActiveCfg = Release|Any CPU
		{03F91D3D-B81C-53D1-4453-9197FB0D11B0}.Release|Any CPU.Build.0 = Release|Any CPU
		{7ED4BD60-4CD2-EBFC-20E1-C6795A58FF01}.Debug|Any CPU.ActiveCfg = Debug|Any CPU
		{7ED4BD60-4CD2-EBFC-20E1-C6795A58FF01}.Debug|Any CPU.Build.0 = Debug|Any CPU
		{7ED4BD60-4CD2-EBFC-20E1-C6795A58FF01}.Release|Any CPU.ActiveCfg = Release|Any CPU
		{7ED4BD60-4CD2-EBFC-20E1-C6795A58FF01}.Release|Any CPU.Build.0 = Release|Any CPU
	EndGlobalSection
	GlobalSection(SolutionProperties) = preSolution
		HideSolutionNode = FALSE
	EndGlobalSection
	GlobalSection(MonoDevelopProperties) = preSolution
		StartupItem = Assembly-CSharp.csproj
	EndGlobalSection
EndGlobal
